
Microsoft Visual Studio Solution File, Format Version 12.00
# Visual Studio Version 17
VisualStudioVersion = 17.5.002.0
MinimumVisualStudioVersion = 10.0.40219.1
Project("{9A19103F-16F7-4668-BE54-9A1E7A4F7556}") = "HttpTrigger1", "HttpTrigger1.csproj", "{BEF67BA5-65B5-417D-BB32-8E36328F4DEB}"
EndProject
Global
	GlobalSection(SolutionConfigurationPlatforms) = preSolution
		Debug|Any CPU = Debug|Any CPU
		Release|Any CPU = Release|Any CPU
	EndGlobalSection
	GlobalSection(ProjectConfigurationPlatforms) = postSolution
		{BEF67BA5-65B5-417D-BB32-8E36328F4DEB}.Debug|Any CPU.ActiveCfg = Debug|Any CPU
		{BEF67BA5-65B5-417D-BB32-8E36328F4DEB}.Debug|Any CPU.Build.0 = Debug|Any CPU
		{BEF67BA5-65B5-417D-BB32-8E36328F4DEB}.Release|Any CPU.ActiveCfg = Release|Any CPU
		{BEF67BA5-65B5-417D-BB32-8E36328F4DEB}.Release|Any CPU.Build.0 = Release|Any CPU
	EndGlobalSection
	GlobalSection(SolutionProperties) = preSolution
		HideSolutionNode = FALSE
	EndGlobalSection
	GlobalSection(ExtensibilityGlobals) = postSolution
		SolutionGuid = {A1D150B0-5C87-429E-80AC-053688C527EA}
	EndGlobalSection
EndGlobal
